# This file is automatically @generated by Cargo.
# It is not intended for manual editing.
version = 4

[[package]]
name = "embazeler"
version = "0.1.0"
dependencies = [
 "nvim-oxi",
]

[[package]]
name = "libc"
version = "0.2.173"
source = "registry+https://github.com/rust-lang/crates.io-index"
checksum = "d8cfeafaffdbc32176b64fb251369d52ea9f0a8fbc6f8759edffef7b525d64bb"

[[package]]
name = "nvim-oxi"
version = "0.6.0"
source = "registry+https://github.com/rust-lang/crates.io-index"
checksum = "54489e0e1515ff8fdbd07eb198ac1f8b082b849e2ed3b7607d6705e24b74af5c"
dependencies = [
 "nvim-oxi-api",
 "nvim-oxi-luajit",
 "nvim-oxi-macros",
 "nvim-oxi-types",
 "thiserror",
]

[[package]]
name = "nvim-oxi-api"
version = "0.6.0"
source = "registry+https://github.com/rust-lang/crates.io-index"
checksum = "89a662cfeae9de93b4a6a1779e9e37e15c354f8f9acc933e2d79105d601c8fd4"
dependencies = [
 "nvim-oxi-luajit",
 "nvim-oxi-macros",
 "nvim-oxi-types",
 "serde",
 "serde_repr",
 "thiserror",
]

[[package]]
name = "nvim-oxi-luajit"
version = "0.6.0"
source = "registry+https://github.com/rust-lang/crates.io-index"
checksum = "bba46ec2ab57e840cd33067e0d1d7c89c2c7feafd02bbbb11a90a4220491a1c9"
dependencies = [
 "thiserror",
]

[[package]]
name = "nvim-oxi-macros"
version = "0.6.0"
source = "registry+https://github.com/rust-lang/crates.io-index"
checksum = "b0c03daabc1d9efd2d5aff2746199b4ed60f2cc24c321d6fcb2aa023169b0f13"
dependencies = [
 "proc-macro2",
 "quote",
 "syn",
]

[[package]]
name = "nvim-oxi-types"
version = "0.6.0"
source = "registry+https://github.com/rust-lang/crates.io-index"
checksum = "2f079f687853419cf83879ab060d23171e31689d090a0c8d5c6aa0e3210c83ec"
dependencies = [
 "libc",
 "nvim-oxi-luajit",
 "serde",
 "thiserror",
]

[[package]]
name = "proc-macro2"
version = "1.0.95"
source = "registry+https://github.com/rust-lang/crates.io-index"
checksum = "02b3e5e68a3a1a02aad3ec490a98007cbc13c37cbe84a3cd7b8e406d76e7f778"
dependencies = [
 "unicode-ident",
]

[[package]]
name = "quote"
version = "1.0.40"
source = "registry+https://github.com/rust-lang/crates.io-index"
checksum = "1885c039570dc00dcb4ff087a89e185fd56bae234ddc7f056a945bf36467248d"
dependencies = [
 "proc-macro2",
]

[[package]]
name = "serde"
version = "1.0.219"
source = "registry+https://github.com/rust-lang/crates.io-index"
checksum = "5f0e2c6ed6606019b4e29e69dbaba95b11854410e5347d525002456dbbb786b6"
dependencies = [
 "serde_derive",
]

[[package]]
name = "serde_derive"
version = "1.0.219"
source = "registry+https://github.com/rust-lang/crates.io-index"
checksum = "5b0276cf7f2c73365f7157c8123c21cd9a50fbbd844757af28ca1f5925fc2a00"
dependencies = [
 "proc-macro2",
 "quote",
 "syn",
]

[[package]]
name = "serde_repr"
version = "0.1.20"
source = "registry+https://github.com/rust-lang/crates.io-index"
checksum = "175ee3e80ae9982737ca543e96133087cbd9a485eecc3bc4de9c1a37b47ea59c"
dependencies = [
 "proc-macro2",
 "quote",
 "syn",
]

[[package]]
name = "syn"
version = "2.0.103"
source = "registry+https://github.com/rust-lang/crates.io-index"
checksum = "e4307e30089d6fd6aff212f2da3a1f9e32f3223b1f010fb09b7c95f90f3ca1e8"
dependencies = [
 "proc-macro2",
 "quote",
 "unicode-ident",
]

[[package]]
name = "thiserror"
version = "2.0.12"
source = "registry+https://github.com/rust-lang/crates.io-index"
checksum = "567b8a2dae586314f7be2a752ec7474332959c6460e02bde30d702a66d488708"
dependencies = [
 "thiserror-impl",
]

[[package]]
name = "thiserror-impl"
version = "2.0.12"
source = "registry+https://github.com/rust-lang/crates.io-index"
checksum = "7f7cf42b4507d8ea322120659672cf1b9dbb93f8f2d4ecfd6e51350ff5b17a1d"
dependencies = [
 "proc-macro2",
 "quote",
 "syn",
]

[[package]]
name = "unicode-ident"
version = "1.0.18"
source = "registry+https://github.com/rust-lang/crates.io-index"
checksum = "5a5f39404a5da50712a4c1eecf25e90dd62b613502b7e925fd4e4d19b5c96512"
